
Microsoft Visual Studio Solution File, Format Version 12.00
# Visual Studio 2013
VisualStudioVersion = 12.0.31101.0
MinimumVisualStudioVersion = 10.0.40219.1
Project("{FAE04EC0-301F-11D3-BF4B-00C04F79EFBC}") = "HTTPserverproject", "HTTPserverproject\HTTPserverproject.csproj", "{558EB724-39A3-4363-8752-23D3DF514361}"
EndProject
Project("{FAE04EC0-301F-11D3-BF4B-00C04F79EFBC}") = "HTTPserverprojectTest", "HTTPserverprojectTest\HTTPserverprojectTest.csproj", "{AEA54D48-0482-4B68-9755-92B6D89102E0}"
EndProject
Global
	GlobalSection(SolutionConfigurationPlatforms) = preSolution
		Debug|Any CPU = Debug|Any CPU
		Release|Any CPU = Release|Any CPU
	EndGlobalSection
	GlobalSection(ProjectConfigurationPlatforms) = postSolution
		{558EB724-39A3-4363-8752-23D3DF514361}.Debug|Any CPU.ActiveCfg = Debug|Any CPU
		{558EB724-39A3-4363-8752-23D3DF514361}.Debug|Any CPU.Build.0 = Debug|Any CPU
		{558EB724-39A3-4363-8752-23D3DF514361}.Release|Any CPU.ActiveCfg = Release|Any CPU
		{558EB724-39A3-4363-8752-23D3DF514361}.Release|Any CPU.Build.0 = Release|Any CPU
		{AEA54D48-0482-4B68-9755-92B6D89102E0}.Debug|Any CPU.ActiveCfg = Debug|Any CPU
		{AEA54D48-0482-4B68-9755-92B6D89102E0}.Debug|Any CPU.Build.0 = Debug|Any CPU
		{AEA54D48-0482-4B68-9755-92B6D89102E0}.Release|Any CPU.ActiveCfg = Release|Any CPU
		{AEA54D48-0482-4B68-9755-92B6D89102E0}.Release|Any CPU.Build.0 = Release|Any CPU
	EndGlobalSection
	GlobalSection(SolutionProperties) = preSolution
		HideSolutionNode = FALSE
	EndGlobalSection
EndGlobal
